
Microsoft Visual Studio Solution File, Format Version 12.00
Project("{FAE04EC0-301F-11D3-BF4B-00C04F79EFBC}") = "BookTrack.API", "BookTrack.API\BookTrack.API.csproj", "{56F81AE4-D68C-4146-8676-04C39734C9E3}"
EndProject
Project("{FAE04EC0-301F-11D3-BF4B-00C04F79EFBC}") = "BookTrack.Core", "BookTrack.Core\BookTrack.Core.csproj", "{F82B0E2D-DAF5-4A78-8C59-E624B550CF17}"
EndProject
Project("{FAE04EC0-301F-11D3-BF4B-00C04F79EFBC}") = "BookTrack.Application", "BookTrack.Application\BookTrack.Application.csproj", "{88243C6E-9179-4B96-9F9F-E3B7613C2AE6}"
EndProject
Project("{FAE04EC0-301F-11D3-BF4B-00C04F79EFBC}") = "BookTrack.Infra", "BookTrack.Infra\BookTrack.Infra.csproj", "{46C8DC8F-9A21-4C6C-8C26-61EE94CADF71}"
EndProject
Project("{FAE04EC0-301F-11D3-BF4B-00C04F79EFBC}") = "BookTrack.Shared", "BookTrack.Shared\BookTrack.Shared.csproj", "{043672BA-C6D7-4A82-B8BC-895CAEA2A79B}"
EndProject
Global
	GlobalSection(SolutionConfigurationPlatforms) = preSolution
		Debug|Any CPU = Debug|Any CPU
		Release|Any CPU = Release|Any CPU
	EndGlobalSection
	GlobalSection(ProjectConfigurationPlatforms) = postSolution
		{56F81AE4-D68C-4146-8676-04C39734C9E3}.Debug|Any CPU.ActiveCfg = Debug|Any CPU
		{56F81AE4-D68C-4146-8676-04C39734C9E3}.Debug|Any CPU.Build.0 = Debug|Any CPU
		{56F81AE4-D68C-4146-8676-04C39734C9E3}.Release|Any CPU.ActiveCfg = Release|Any CPU
		{56F81AE4-D68C-4146-8676-04C39734C9E3}.Release|Any CPU.Build.0 = Release|Any CPU
		{F82B0E2D-DAF5-4A78-8C59-E624B550CF17}.Debug|Any CPU.ActiveCfg = Debug|Any CPU
		{F82B0E2D-DAF5-4A78-8C59-E624B550CF17}.Debug|Any CPU.Build.0 = Debug|Any CPU
		{F82B0E2D-DAF5-4A78-8C59-E624B550CF17}.Release|Any CPU.ActiveCfg = Release|Any CPU
		{F82B0E2D-DAF5-4A78-8C59-E624B550CF17}.Release|Any CPU.Build.0 = Release|Any CPU
		{88243C6E-9179-4B96-9F9F-E3B7613C2AE6}.Debug|Any CPU.ActiveCfg = Debug|Any CPU
		{88243C6E-9179-4B96-9F9F-E3B7613C2AE6}.Debug|Any CPU.Build.0 = Debug|Any CPU
		{88243C6E-9179-4B96-9F9F-E3B7613C2AE6}.Release|Any CPU.ActiveCfg = Release|Any CPU
		{88243C6E-9179-4B96-9F9F-E3B7613C2AE6}.Release|Any CPU.Build.0 = Release|Any CPU
		{46C8DC8F-9A21-4C6C-8C26-61EE94CADF71}.Debug|Any CPU.ActiveCfg = Debug|Any CPU
		{46C8DC8F-9A21-4C6C-8C26-61EE94CADF71}.Debug|Any CPU.Build.0 = Debug|Any CPU
		{46C8DC8F-9A21-4C6C-8C26-61EE94CADF71}.Release|Any CPU.ActiveCfg = Release|Any CPU
		{46C8DC8F-9A21-4C6C-8C26-61EE94CADF71}.Release|Any CPU.Build.0 = Release|Any CPU
		{043672BA-C6D7-4A82-B8BC-895CAEA2A79B}.Debug|Any CPU.ActiveCfg = Debug|Any CPU
		{043672BA-C6D7-4A82-B8BC-895CAEA2A79B}.Debug|Any CPU.Build.0 = Debug|Any CPU
		{043672BA-C6D7-4A82-B8BC-895CAEA2A79B}.Release|Any CPU.ActiveCfg = Release|Any CPU
		{043672BA-C6D7-4A82-B8BC-895CAEA2A79B}.Release|Any CPU.Build.0 = Release|Any CPU
	EndGlobalSection
EndGlobal
